
Microsoft Visual Studio Solution File, Format Version 12.00
# Visual Studio Version 16
VisualStudioVersion = 16.0.30523.141
MinimumVisualStudioVersion = 10.0.40219.1
Project("{FAE04EC0-301F-11D3-BF4B-00C04F79EFBC}") = "TelegramBot", "TelegramBot\TelegramBot.csproj", "{DF656FED-2563-4A63-B31C-345DD7BFFD03}"
EndProject
Global
	GlobalSection(SolutionConfigurationPlatforms) = preSolution
		Debug|Any CPU = Debug|Any CPU
		Release|Any CPU = Release|Any CPU
	EndGlobalSection
	GlobalSection(ProjectConfigurationPlatforms) = postSolution
		{DF656FED-2563-4A63-B31C-345DD7BFFD03}.Debug|Any CPU.ActiveCfg = Debug|Any CPU
		{DF656FED-2563-4A63-B31C-345DD7BFFD03}.Debug|Any CPU.Build.0 = Debug|Any CPU
		{DF656FED-2563-4A63-B31C-345DD7BFFD03}.Release|Any CPU.ActiveCfg = Release|Any CPU
		{DF656FED-2563-4A63-B31C-345DD7BFFD03}.Release|Any CPU.Build.0 = Release|Any CPU
	EndGlobalSection
	GlobalSection(SolutionProperties) = preSolution
		HideSolutionNode = FALSE
	EndGlobalSection
	GlobalSection(ExtensibilityGlobals) = postSolution
		SolutionGuid = {5705D5CE-8713-4AA8-A2FC-DD106685AEA7}
	EndGlobalSection
EndGlobal
